
Microsoft Visual Studio Solution File, Format Version 12.00
# Visual Studio Version 17
VisualStudioVersion = 17.4.33205.214
MinimumVisualStudioVersion = 10.0.40219.1
Project("{FAE04EC0-301F-11D3-BF4B-00C04F79EFBC}") = "ReflectionAttributeDemo", "ReflectionAttributeDemo\ReflectionAttributeDemo.csproj", "{88F5DBBC-C4B7-4377-A398-A6AE25671568}"
EndProject
Global
	GlobalSection(SolutionConfigurationPlatforms) = preSolution
		Debug|Any CPU = Debug|Any CPU
		Release|Any CPU = Release|Any CPU
	EndGlobalSection
	GlobalSection(ProjectConfigurationPlatforms) = postSolution
		{88F5DBBC-C4B7-4377-A398-A6AE25671568}.Debug|Any CPU.ActiveCfg = Debug|Any CPU
		{88F5DBBC-C4B7-4377-A398-A6AE25671568}.Debug|Any CPU.Build.0 = Debug|Any CPU
		{88F5DBBC-C4B7-4377-A398-A6AE25671568}.Release|Any CPU.ActiveCfg = Release|Any CPU
		{88F5DBBC-C4B7-4377-A398-A6AE25671568}.Release|Any CPU.Build.0 = Release|Any CPU
	EndGlobalSection
	GlobalSection(SolutionProperties) = preSolution
		HideSolutionNode = FALSE
	EndGlobalSection
	GlobalSection(ExtensibilityGlobals) = postSolution
		SolutionGuid = {91E0DC0A-B8FD-4DDC-A517-4B56DACCD9A2}
	EndGlobalSection
EndGlobal
